PODS:
  - FFLog (0.1.1)
  - Lokal (1.0.0)

DEPENDENCIES:
  - FFLog
  - Lokal (from `Lokal`)

SPEC REPOS:
  https://cdn.cocoapods.org/:
    - FFLog

EXTERNAL SOURCES:
  Lokal:
    :path: Lokal

SPEC CHECKSUMS:
  FFLog: a4cc4da7f2885df7dac2e6b5aed35639af634efc
  Lokal: c7b8860fdf2f5198162f4d9168ac0bfd283c69f5

PODFILE CHECKSUM: 2b41493eb4d494ba1a7355ed84028c0cfcb18f4f

COCOAPODS: 1.8.4
